
Microsoft Visual Studio Solution File, Format Version 12.00
Project("{FAE04EC0-301F-11D3-BF4B-00C04F79EFBC}") = "Presentation", "Presentation\Presentation.csproj", "{28E91EA1-7359-45C6-81C6-B1DB5022C5A8}"
EndProject
Project("{2150E333-8FDC-42A3-9474-1A3956D46DE8}") = "External", "External", "{872E27E5-562B-4528-80E9-D445E75FF2A1}"
EndProject
Project("{FAE04EC0-301F-11D3-BF4B-00C04F79EFBC}") = "Domain", "Domain\Domain.csproj", "{55CB4B4E-8625-4609-AC24-909D45F1375A}"
EndProject
Project("{2150E333-8FDC-42A3-9474-1A3956D46DE8}") = "Core", "Core", "{21D75542-D47B-4358-8F62-1741122132A5}"
EndProject
Project("{FAE04EC0-301F-11D3-BF4B-00C04F79EFBC}") = "Application", "Application\Application.csproj", "{D23918AF-F823-437F-B4E5-3AB3D48BD095}"
EndProject
Project("{FAE04EC0-301F-11D3-BF4B-00C04F79EFBC}") = "Infrastructure", "Infrastructure\Infrastructure.csproj", "{74223FC4-2784-41F1-A269-5BBB1071E00A}"
EndProject
Global
	GlobalSection(SolutionConfigurationPlatforms) = preSolution
		Debug|Any CPU = Debug|Any CPU
		Release|Any CPU = Release|Any CPU
	EndGlobalSection
	GlobalSection(ProjectConfigurationPlatforms) = postSolution
		{28E91EA1-7359-45C6-81C6-B1DB5022C5A8}.Debug|Any CPU.ActiveCfg = Debug|Any CPU
		{28E91EA1-7359-45C6-81C6-B1DB5022C5A8}.Debug|Any CPU.Build.0 = Debug|Any CPU
		{28E91EA1-7359-45C6-81C6-B1DB5022C5A8}.Release|Any CPU.ActiveCfg = Release|Any CPU
		{28E91EA1-7359-45C6-81C6-B1DB5022C5A8}.Release|Any CPU.Build.0 = Release|Any CPU
		{55CB4B4E-8625-4609-AC24-909D45F1375A}.Debug|Any CPU.ActiveCfg = Debug|Any CPU
		{55CB4B4E-8625-4609-AC24-909D45F1375A}.Debug|Any CPU.Build.0 = Debug|Any CPU
		{55CB4B4E-8625-4609-AC24-909D45F1375A}.Release|Any CPU.ActiveCfg = Release|Any CPU
		{55CB4B4E-8625-4609-AC24-909D45F1375A}.Release|Any CPU.Build.0 = Release|Any CPU
		{D23918AF-F823-437F-B4E5-3AB3D48BD095}.Debug|Any CPU.ActiveCfg = Debug|Any CPU
		{D23918AF-F823-437F-B4E5-3AB3D48BD095}.Debug|Any CPU.Build.0 = Debug|Any CPU
		{D23918AF-F823-437F-B4E5-3AB3D48BD095}.Release|Any CPU.ActiveCfg = Release|Any CPU
		{D23918AF-F823-437F-B4E5-3AB3D48BD095}.Release|Any CPU.Build.0 = Release|Any CPU
		{74223FC4-2784-41F1-A269-5BBB1071E00A}.Debug|Any CPU.ActiveCfg = Debug|Any CPU
		{74223FC4-2784-41F1-A269-5BBB1071E00A}.Debug|Any CPU.Build.0 = Debug|Any CPU
		{74223FC4-2784-41F1-A269-5BBB1071E00A}.Release|Any CPU.ActiveCfg = Release|Any CPU
		{74223FC4-2784-41F1-A269-5BBB1071E00A}.Release|Any CPU.Build.0 = Release|Any CPU
	EndGlobalSection
	GlobalSection(NestedProjects) = preSolution
		{28E91EA1-7359-45C6-81C6-B1DB5022C5A8} = {872E27E5-562B-4528-80E9-D445E75FF2A1}
		{55CB4B4E-8625-4609-AC24-909D45F1375A} = {21D75542-D47B-4358-8F62-1741122132A5}
		{D23918AF-F823-437F-B4E5-3AB3D48BD095} = {21D75542-D47B-4358-8F62-1741122132A5}
		{74223FC4-2784-41F1-A269-5BBB1071E00A} = {872E27E5-562B-4528-80E9-D445E75FF2A1}
	EndGlobalSection
EndGlobal
